
Microsoft Visual Studio Solution File, Format Version 12.00
# Visual Studio Version 16
VisualStudioVersion = 16.0.809.10
MinimumVisualStudioVersion = 10.0.40219.1
Project("{FAE04EC0-301F-11D3-BF4B-00C04F79EFBC}") = "MangasLobby", "MangasLobby\MangasLobby.csproj", "{942F2419-4564-4924-AA66-AC3514202329}"
EndProject
Global
	GlobalSection(SolutionConfigurationPlatforms) = preSolution
		Debug|Any CPU = Debug|Any CPU
		Release|Any CPU = Release|Any CPU
	EndGlobalSection
	GlobalSection(ProjectConfigurationPlatforms) = postSolution
		{942F2419-4564-4924-AA66-AC3514202329}.Debug|Any CPU.ActiveCfg = Debug|Any CPU
		{942F2419-4564-4924-AA66-AC3514202329}.Debug|Any CPU.Build.0 = Debug|Any CPU
		{942F2419-4564-4924-AA66-AC3514202329}.Release|Any CPU.ActiveCfg = Release|Any CPU
		{942F2419-4564-4924-AA66-AC3514202329}.Release|Any CPU.Build.0 = Release|Any CPU
	EndGlobalSection
	GlobalSection(SolutionProperties) = preSolution
		HideSolutionNode = FALSE
	EndGlobalSection
	GlobalSection(ExtensibilityGlobals) = postSolution
		SolutionGuid = {F394A927-25FC-4C00-B77E-166E0FF4287C}
	EndGlobalSection
EndGlobal
